// !$*UTF8*$!
{
	archiveVersion = 1;
	classes = {
	};
	objectVersion = 48;
	objects = {

/* Begin PBXBuildFile section */
		831B3BF61FF628E40097DED5 /* CAMediaTimingFunction+CustomTypes.swift in Sources */ = {isa = PBXBuildFile; fileRef = 831B3BF51FF628E40097DED5 /* CAMediaTimingFunction+CustomTypes.swift */; };
		831B3BF81FF62FB30097DED5 /* UIColor+Hex.swift in Sources */ = {isa = PBXBuildFile; fileRef = 831B3BF71FF62FB30097DED5 /* UIColor+Hex.swift */; };
		831B3BFA1FF630040097DED5 /* CGRect+Center.swift in Sources */ = {isa = PBXBuildFile; fileRef = 831B3BF91FF630040097DED5 /* CGRect+Center.swift */; };
		831B3BFC1FF6301C0097DED5 /* Math.swift in Sources */ = {isa = PBXBuildFile; fileRef = 831B3BFB1FF6301C0097DED5 /* Math.swift */; };
		831B3C001FF636AA0097DED5 /* CGPoint+Hashable.swift in Sources */ = {isa = PBXBuildFile; fileRef = 831B3BFF1FF636AA0097DED5 /* CGPoint+Hashable.swift */; };
		83B894251FF66BE700BC94FD /* UIBezierPath+Clone.swift in Sources */ = {isa = PBXBuildFile; fileRef = 83B894241FF66BE700BC94FD /* UIBezierPath+Clone.swift */; };
		83DF25021FF50A6F00D7493D /* AppDelegate.swift in Sources */ = {isa = PBXBuildFile; fileRef = 83DF25011FF50A6F00D7493D /* AppDelegate.swift */; };
		83DF25041FF50A6F00D7493D /* ViewController.swift in Sources */ = {isa = PBXBuildFile; fileRef = 83DF25031FF50A6F00D7493D /* ViewController.swift */; };
		83DF25071FF50A6F00D7493D /* Main.storyboard in Resources */ = {isa = PBXBuildFile; fileRef = 83DF25051FF50A6F00D7493D /* Main.storyboard */; };
		83DF25091FF50A6F00D7493D /* Assets.xcassets in Resources */ = {isa = PBXBuildFile; fileRef = 83DF25081FF50A6F00D7493D /* Assets.xcassets */; };
		83DF250C1FF50A6F00D7493D /* LaunchScreen.storyboard in Resources */ = {isa = PBXBuildFile; fileRef = 83DF250A1FF50A6F00D7493D /* LaunchScreen.storyboard */; };
		83DF25141FF50AE700D7493D /* BreatheView.swift in Sources */ = {isa = PBXBuildFile; fileRef = 83DF25131FF50AE700D7493D /* BreatheView.swift */; };
/* End PBXBuildFile section */

/* Begin PBXFileReference section */
		831B3BF51FF628E40097DED5 /* CAMediaTimingFunction+CustomTypes.swift */ = {isa = PBXFileReference; lastKnownFileType = sourcecode.swift; path = "CAMediaTimingFunction+CustomTypes.swift"; sourceTree = "<group>"; };
		831B3BF71FF62FB30097DED5 /* UIColor+Hex.swift */ = {isa = PBXFileReference; lastKnownFileType = sourcecode.swift; path = "UIColor+Hex.swift"; sourceTree = "<group>"; };
		831B3BF91FF630040097DED5 /* CGRect+Center.swift */ = {isa = PBXFileReference; lastKnownFileType = sourcecode.swift; path = "CGRect+Center.swift"; sourceTree = "<group>"; };
		831B3BFB1FF6301C0097DED5 /* Math.swift */ = {isa = PBXFileReference; lastKnownFileType = sourcecode.swift; path = Math.swift; sourceTree = "<group>"; };
		831B3BFF1FF636AA0097DED5 /* CGPoint+Hashable.swift */ = {isa = PBXFileReference; lastKnownFileType = sourcecode.swift; path = "CGPoint+Hashable.swift"; sourceTree = "<group>"; };
		83B894241FF66BE700BC94FD /* UIBezierPath+Clone.swift */ = {isa = PBXFileReference; lastKnownFileType = sourcecode.swift; path = "UIBezierPath+Clone.swift"; sourceTree = "<group>"; };
		83DF24FE1FF50A6F00D7493D /* BreatheView.app */ = {isa = PBXFileReference; explicitFileType = wrapper.application; includeInIndex = 0; path = BreatheView.app; sourceTree = BUILT_PRODUCTS_DIR; };
		83DF25011FF50A6F00D7493D /* AppDelegate.swift */ = {isa = PBXFileReference; lastKnownFileType = sourcecode.swift; path = AppDelegate.swift; sourceTree = "<group>"; };
		83DF25031FF50A6F00D7493D /* ViewController.swift */ = {isa = PBXFileReference; lastKnownFileType = sourcecode.swift; path = ViewController.swift; sourceTree = "<group>"; };
		83DF25061FF50A6F00D7493D /* Base */ = {isa = PBXFileReference; lastKnownFileType = file.storyboard; name = Base; path = Base.lproj/Main.storyboard; sourceTree = "<group>"; };
		83DF25081FF50A6F00D7493D /* Assets.xcassets */ = {isa = PBXFileReference; lastKnownFileType = folder.assetcatalog; path = Assets.xcassets; sourceTree = "<group>"; };
		83DF250B1FF50A6F00D7493D /* Base */ = {isa = PBXFileReference; lastKnownFileType = file.storyboard; name = Base; path = Base.lproj/LaunchScreen.storyboard; sourceTree = "<group>"; };
		83DF250D1FF50A6F00D7493D /* Info.plist */ = {isa = PBXFileReference; lastKnownFileType = text.plist.xml; path = Info.plist; sourceTree = "<group>"; };
		83DF25131FF50AE700D7493D /* BreatheView.swift */ = {isa = PBXFileReference; lastKnownFileType = sourcecode.swift; path = BreatheView.swift; sourceTree = "<group>"; };
/* End PBXFileReference section */

/* Begin PBXFrameworksBuildPhase section */
		83DF24FB1FF50A6F00D7493D /* Frameworks */ = {
			isa = PBXFrameworksBuildPhase;
			buildActionMask = 2147483647;
			files = (
			);
			runOnlyForDeploymentPostprocessing = 0;
		};
/* End PBXFrameworksBuildPhase section */

/* Begin PBXGroup section */
		83DF24F51FF50A6F00D7493D = {
			isa = PBXGroup;
			children = (
				83DF25001FF50A6F00D7493D /* BreatheView */,
				83DF24FF1FF50A6F00D7493D /* Products */,
			);
			sourceTree = "<group>";
		};
		83DF24FF1FF50A6F00D7493D /* Products */ = {
			isa = PBXGroup;
			children = (
				83DF24FE1FF50A6F00D7493D /* BreatheView.app */,
			);
			name = Products;
			sourceTree = "<group>";
		};
		83DF25001FF50A6F00D7493D /* BreatheView */ = {
			isa = PBXGroup;
			children = (
				83DF25011FF50A6F00D7493D /* AppDelegate.swift */,
				83DF25031FF50A6F00D7493D /* ViewController.swift */,
				83DF25131FF50AE700D7493D /* BreatheView.swift */,
				831B3BF51FF628E40097DED5 /* CAMediaTimingFunction+CustomTypes.swift */,
				831B3BF71FF62FB30097DED5 /* UIColor+Hex.swift */,
				831B3BFF1FF636AA0097DED5 /* CGPoint+Hashable.swift */,
				831B3BF91FF630040097DED5 /* CGRect+Center.swift */,
				83B894241FF66BE700BC94FD /* UIBezierPath+Clone.swift */,
				831B3BFB1FF6301C0097DED5 /* Math.swift */,
				83DF25051FF50A6F00D7493D /* Main.storyboard */,
				83DF25081FF50A6F00D7493D /* Assets.xcassets */,
				83DF250A1FF50A6F00D7493D /* LaunchScreen.storyboard */,
				83DF250D1FF50A6F00D7493D /* Info.plist */,
			);
			path = BreatheView;
			sourceTree = "<group>";
		};
/* End PBXGroup section */

/* Begin PBXNativeTarget section */
		83DF24FD1FF50A6F00D7493D /* BreatheView */ = {
			isa = PBXNativeTarget;
			buildConfigurationList = 83DF25101FF50A6F00D7493D /* Build configuration list for PBXNativeTarget "BreatheView" */;
			buildPhases = (
				83DF24FA1FF50A6F00D7493D /* Sources */,
				83DF24FB1FF50A6F00D7493D /* Frameworks */,
				83DF24FC1FF50A6F00D7493D /* Resources */,
			);
			buildRules = (
			);
			dependencies = (
			);
			name = BreatheView;
			productName = BreatheView;
			productReference = 83DF24FE1FF50A6F00D7493D /* BreatheView.app */;
			productType = "com.apple.product-type.application";
		};
/* End PBXNativeTarget section */

/* Begin PBXProject section */
		83DF24F61FF50A6F00D7493D /* Project object */ = {
			isa = PBXProject;
			attributes = {
				LastSwiftUpdateCheck = 0920;
				LastUpgradeCheck = 0920;
				ORGANIZATIONNAME = "Oleh Zayats";
				TargetAttributes = {
					83DF24FD1FF50A6F00D7493D = {
						CreatedOnToolsVersion = 9.2;
						ProvisioningStyle = Automatic;
					};
				};
			};
			buildConfigurationList = 83DF24F91FF50A6F00D7493D /* Build configuration list for PBXProject "BreatheView" */;
			compatibilityVersion = "Xcode 8.0";
			developmentRegion = en;
			hasScannedForEncodings = 0;
			knownRegions = (
				en,
				Base,
			);
			mainGroup = 83DF24F51FF50A6F00D7493D;
			productRefGroup = 83DF24FF1FF50A6F00D7493D /* Products */;
			projectDirPath = "";
			projectRoot = "";
			targets = (
				83DF24FD1FF50A6F00D7493D /* BreatheView */,
			);
		};
/* End PBXProject section */

/* Begin PBXResourcesBuildPhase section */
		83DF24FC1FF50A6F00D7493D /* Resources */ = {
			isa = PBXResourcesBuildPhase;
			buildActionMask = 2147483647;
			files = (
				83DF250C1FF50A6F00D7493D /* LaunchScreen.storyboard in Resources */,
				83DF25091FF50A6F00D7493D /* Assets.xcassets in Resources */,
				83DF25071FF50A6F00D7493D /* Main.storyboard in Resources */,
			);
			runOnlyForDeploymentPostprocessing = 0;
		};
/* End PBXResourcesBuildPhase section */

/* Begin PBXSourcesBuildPhase section */
		83DF24FA1FF50A6F00D7493D /* Sources */ = {
			isa = PBXSourcesBuildPhase;
			buildActionMask = 2147483647;
			files = (
				831B3C001FF636AA0097DED5 /* CGPoint+Hashable.swift in Sources */,
				831B3BFA1FF630040097DED5 /* CGRect+Center.swift in Sources */,
				83DF25041FF50A6F00D7493D /* ViewController.swift in Sources */,
				83DF25141FF50AE700D7493D /* BreatheView.swift in Sources */,
				831B3BFC1FF6301C0097DED5 /* Math.swift in Sources */,
				83DF25021FF50A6F00D7493D /* AppDelegate.swift in Sources */,
				831B3BF61FF628E40097DED5 /* CAMediaTimingFunction+CustomTypes.swift in Sources */,
				83B894251FF66BE700BC94FD /* UIBezierPath+Clone.swift in Sources */,
				831B3BF81FF62FB30097DED5 /* UIColor+Hex.swift in Sources */,
			);
			runOnlyForDeploymentPostprocessing = 0;
		};
/* End PBXSourcesBuildPhase section */

/* Begin PBXVariantGroup section */
		83DF25051FF50A6F00D7493D /* Main.storyboard */ = {
			isa = PBXVariantGroup;
			children = (
				83DF25061FF50A6F00D7493D /* Base */,
			);
			name = Main.storyboard;
			sourceTree = "<group>";
		};
		83DF250A1FF50A6F00D7493D /* LaunchScreen.storyboard */ = {
			isa = PBXVariantGroup;
			children = (
				83DF250B1FF50A6F00D7493D /* Base */,
			);
			name = LaunchScreen.storyboard;
			sourceTree = "<group>";
		};
/* End PBXVariantGroup section */

/* Begin XCBuildConfiguration section */
		83DF250E1FF50A6F00D7493D /* Debug */ = {
			isa = XCBuildConfiguration;
			buildSettings = {
				ALWAYS_SEARCH_USER_PATHS = NO;
				CLANG_ANALYZER_NONNULL = YES;
				CLANG_ANALYZER_NUMBER_OBJECT_CONVERSION = YES_AGGRESSIVE;
				CLANG_CXX_LANGUAGE_STANDARD = "gnu++14";
				CLANG_CXX_LIBRARY = "libc++";
				CLANG_ENABLE_MODULES = YES;
				CLANG_ENABLE_OBJC_ARC = YES;
				CLANG_WARN_BLOCK_CAPTURE_AUTORELEASING = YES;
				CLANG_WARN_BOOL_CONVERSION = YES;
				CLANG_WARN_COMMA = YES;
				CLANG_WARN_CONSTANT_CONVERSION = YES;
				CLANG_WARN_DIRECT_OBJC_ISA_USAGE = YES_ERROR;
				CLANG_WARN_DOCUMENTATION_COMMENTS = YES;
				CLANG_WARN_EMPTY_BODY = YES;
				CLANG_WARN_ENUM_CONVERSION = YES;
				CLANG_WARN_INFINITE_RECURSION = YES;
				CLANG_WARN_INT_CONVERSION = YES;
				CLANG_WARN_NON_LITERAL_NULL_CONVERSION = YES;
				CLANG_WARN_OBJC_LITERAL_CONVERSION = YES;
				CLANG_WARN_OBJC_ROOT_CLASS = YES_ERROR;
				CLANG_WARN_RANGE_LOOP_ANALYSIS = YES;
				CLANG_WARN_STRICT_PROTOTYPES = YES;
				CLANG_WARN_SUSPICIOUS_MOVE = YES;
				CLANG_WARN_UNGUARDED_AVAILABILITY = YES_AGGRESSIVE;
				CLANG_WARN_UNREACHABLE_CODE = YES;
				CLANG_WARN__DUPLICATE_METHOD_MATCH = YES;
				CODE_SIGN_IDENTITY = "iPhone Developer";
				COPY_PHASE_STRIP = NO;
				DEBUG_INFORMATION_FORMAT = dwarf;
				ENABLE_STRICT_OBJC_MSGSEND = YES;
				ENABLE_TESTABILITY = YES;
				GCC_C_LANGUAGE_STANDARD = gnu11;
				GCC_DYNAMIC_NO_PIC = NO;
				GCC_NO_COMMON_BLOCKS = YES;
				GCC_OPTIMIZATION_LEVEL = 0;
				GCC_PREPROCESSOR_DEFINITIONS = (
					"DEBUG=1",
					"$(inherited)",
				);
				GCC_WARN_64_TO_32_BIT_CONVERSION = YES;
				GCC_WARN_ABOUT_RETURN_TYPE = YES_ERROR;
				GCC_WARN_UNDECLARED_SELECTOR = YES;
				GCC_WARN_UNINITIALIZED_AUTOS = YES_AGGRESSIVE;
				GCC_WARN_UNUSED_FUNCTION = YES;
				GCC_WARN_UNUSED_VARIABLE = YES;
				IPHONEOS_DEPLOYMENT_TARGET = 11.2;
				MTL_ENABLE_DEBUG_INFO = YES;
				ONLY_ACTIVE_ARCH = YES;
				SDKROOT = iphoneos;
				SWIFT_ACTIVE_COMPILATION_CONDITIONS = DEBUG;
				SWIFT_OPTIMIZATION_LEVEL = "-Onone";
			};
			name = Debug;
		};
		83DF250F1FF50A6F00D7493D /* Release */ = {
			isa = XCBuildConfiguration;
			buildSettings = {
				ALWAYS_SEARCH_USER_PATHS = NO;
				CLANG_ANALYZER_NONNULL = YES;
				CLANG_ANALYZER_NUMBER_OBJECT_CONVERSION = YES_AGGRESSIVE;
				CLANG_CXX_LANGUAGE_STANDARD = "gnu++14";
				CLANG_CXX_LIBRARY = "libc++";
				CLANG_ENABLE_MODULES = YES;
				CLANG_ENABLE_OBJC_ARC = YES;
				CLANG_WARN_BLOCK_CAPTURE_AUTORELEASING = YES;
				CLANG_WARN_BOOL_CONVERSION = YES;
				CLANG_WARN_COMMA = YES;
				CLANG_WARN_CONSTANT_CONVERSION = YES;
				CLANG_WARN_DIRECT_OBJC_ISA_USAGE = YES_ERROR;
				CLANG_WARN_DOCUMENTATION_COMMENTS = YES;
				CLANG_WARN_EMPTY_BODY = YES;
				CLANG_WARN_ENUM_CONVERSION = YES;
				CLANG_WARN_INFINITE_RECURSION = YES;
				CLANG_WARN_INT_CONVERSION = YES;
				CLANG_WARN_NON_LITERAL_NULL_CONVERSION = YES;
				CLANG_WARN_OBJC_LITERAL_CONVERSION = YES;
				CLANG_WARN_OBJC_ROOT_CLASS = YES_ERROR;
				CLANG_WARN_RANGE_LOOP_ANALYSIS = YES;
				CLANG_WARN_STRICT_PROTOTYPES = YES;
				CLANG_WARN_SUSPICIOUS_MOVE = YES;
				CLANG_WARN_UNGUARDED_AVAILABILITY = YES_AGGRESSIVE;
				CLANG_WARN_UNREACHABLE_CODE = YES;
				CLANG_WARN__DUPLICATE_METHOD_MATCH = YES;
				CODE_SIGN_IDENTITY = "iPhone Developer";
				COPY_PHASE_STRIP = NO;
				DEBUG_INFORMATION_FORMAT = "dwarf-with-dsym";
				ENABLE_NS_ASSERTIONS = NO;
				ENABLE_STRICT_OBJC_MSGSEND = YES;
				GCC_C_LANGUAGE_STANDARD = gnu11;
				GCC_NO_COMMON_BLOCKS = YES;
				GCC_WARN_64_TO_32_BIT_CONVERSION = YES;
				GCC_WARN_ABOUT_RETURN_TYPE = YES_ERROR;
				GCC_WARN_UNDECLARED_SELECTOR = YES;
				GCC_WARN_UNINITIALIZED_AUTOS = YES_AGGRESSIVE;
				GCC_WARN_UNUSED_FUNCTION = YES;
				GCC_WARN_UNUSED_VARIABLE = YES;
				IPHONEOS_DEPLOYMENT_TARGET = 11.2;
				MTL_ENABLE_DEBUG_INFO = NO;
				SDKROOT = iphoneos;
				SWIFT_OPTIMIZATION_LEVEL = "-Owholemodule";
				VALIDATE_PRODUCT = YES;
			};
			name = Release;
		};
		83DF25111FF50A6F00D7493D /* Debug */ = {
			isa = XCBuildConfiguration;
			buildSettings = {
				ASSETCATALOG_COMPILER_APPICON_NAME = AppIcon;
				CODE_SIGN_STYLE = Automatic;
				DEVELOPMENT_TEAM = D4KRC6LDG7;
				INFOPLIST_FILE = BreatheView/Info.plist;
				LD_RUNPATH_SEARCH_PATHS = "$(inherited) @executable_path/Frameworks";
				PRODUCT_BUNDLE_IDENTIFIER = ZayatsOleh.BreatheView;
				PRODUCT_NAME = "$(TARGET_NAME)";
				SWIFT_VERSION = 4.0;
				TARGETED_DEVICE_FAMILY = "1,2";
			};
			name = Debug;
		};
		83DF25121FF50A6F00D7493D /* Release */ = {
			isa = XCBuildConfiguration;
			buildSettings = {
				ASSETCATALOG_COMPILER_APPICON_NAME = AppIcon;
				CODE_SIGN_STYLE = Automatic;
				DEVELOPMENT_TEAM = D4KRC6LDG7;
				INFOPLIST_FILE = BreatheView/Info.plist;
				LD_RUNPATH_SEARCH_PATHS = "$(inherited) @executable_path/Frameworks";
				PRODUCT_BUNDLE_IDENTIFIER = ZayatsOleh.BreatheView;
				PRODUCT_NAME = "$(TARGET_NAME)";
				SWIFT_VERSION = 4.0;
				TARGETED_DEVICE_FAMILY = "1,2";
			};
			name = Release;
		};
/* End XCBuildConfiguration section */

/* Begin XCConfigurationList section */
		83DF24F91FF50A6F00D7493D /* Build configuration list for PBXProject "BreatheView" */ = {
			isa = XCConfigurationList;
			buildConfigurations = (
				83DF250E1FF50A6F00D7493D /* Debug */,
				83DF250F1FF50A6F00D7493D /* Release */,
			);
			defaultConfigurationIsVisible = 0;
			defaultConfigurationName = Release;
		};
		83DF25101FF50A6F00D7493D /* Build configuration list for PBXNativeTarget "BreatheView" */ = {
			isa = XCConfigurationList;
			buildConfigurations = (
				83DF25111FF50A6F00D7493D /* Debug */,
				83DF25121FF50A6F00D7493D /* Release */,
			);
			defaultConfigurationIsVisible = 0;
			defaultConfigurationName = Release;
		};
/* End XCConfigurationList section */
	};
	rootObject = 83DF24F61FF50A6F00D7493D /* Project object */;
}
